{
    "_meta": {
        "hash": {
            "sha256": "380d2bc02491e903db3f33d2f5c3e86fc6311f7ef3d8bc5bb9afbc10adcec248"
        },
        "pipfile-spec": 6,
        "requires": {
            "python_version": "3.7"
        },
        "sources": [
            {
                "name": "pypi",
                "url": "https://pypi.org/simple",
                "verify_ssl": true
            }
        ]
    },
    "default": {
        "dbus-python": {
            "hashes": [
                "sha256:abf12bbb765e300bf8e2a1b2f32f85949eab06998dbda127952c31cb63957b6f"
            ],
            "version": "==1.2.8"
        },
        "python-networkmanager": {
            "hashes": [
                "sha256:aef1e34d98d7bec7cc368e0ca0f2e97493f9b5ebe6d7103f8f6460cfca3dc6fc"
            ],
            "index": "pypi",
            "version": "==2.1"
        },
        "scapy": {
            "hashes": [
                "sha256:1baa048936207ceb1a4281a0e1e3b4317667c754872a0bb4734c5213c468e86a"
            ],
            "index": "pypi",
            "version": "==2.4.2"
        },
        "six": {
            "hashes": [
                "sha256:3350809f0555b11f552448330d0b52d5f24c91a322ea4a15ef22629740f3761c",
                "sha256:d16a0141ec1a18405cd4ce8b4613101da75da0e9a7aec5bdd4fa804d0e0eba73"
            ],
            "version": "==1.12.0"
        }
    },
    "develop": {}
}
